
Microsoft Visual Studio Solution File, Format Version 12.00
# Visual Studio 2012
Project("{FAE04EC0-301F-11D3-BF4B-00C04F79EFBC}") = "Ejercicio_03", "Ejercicio_03\Ejercicio_03.csproj", "{DF72BE9A-1504-4B6C-8AE6-4D17CB9A770B}"
EndProject
Project("{FAE04EC0-301F-11D3-BF4B-00C04F79EFBC}") = "Ejercicio_04", "Ejercicio_04\Ejercicio_04.csproj", "{CA9EF0A4-1512-435C-A92B-4B6661E7B34A}"
EndProject
Project("{FAE04EC0-301F-11D3-BF4B-00C04F79EFBC}") = "Ejercicio_09", "Ejercicio_9\Ejercicio_09.csproj", "{88C4B8C5-78C1-456E-862A-7C68113EC7B5}"
EndProject
Global
	GlobalSection(SolutionConfigurationPlatforms) = preSolution
		Debug|Any CPU = Debug|Any CPU
		Release|Any CPU = Release|Any CPU
	EndGlobalSection
	GlobalSection(ProjectConfigurationPlatforms) = postSolution
		{DF72BE9A-1504-4B6C-8AE6-4D17CB9A770B}.Debug|Any CPU.ActiveCfg = Debug|Any CPU
		{DF72BE9A-1504-4B6C-8AE6-4D17CB9A770B}.Debug|Any CPU.Build.0 = Debug|Any CPU
		{DF72BE9A-1504-4B6C-8AE6-4D17CB9A770B}.Release|Any CPU.ActiveCfg = Release|Any CPU
		{DF72BE9A-1504-4B6C-8AE6-4D17CB9A770B}.Release|Any CPU.Build.0 = Release|Any CPU
		{CA9EF0A4-1512-435C-A92B-4B6661E7B34A}.Debug|Any CPU.ActiveCfg = Debug|Any CPU
		{CA9EF0A4-1512-435C-A92B-4B6661E7B34A}.Debug|Any CPU.Build.0 = Debug|Any CPU
		{CA9EF0A4-1512-435C-A92B-4B6661E7B34A}.Release|Any CPU.ActiveCfg = Release|Any CPU
		{CA9EF0A4-1512-435C-A92B-4B6661E7B34A}.Release|Any CPU.Build.0 = Release|Any CPU
		{88C4B8C5-78C1-456E-862A-7C68113EC7B5}.Debug|Any CPU.ActiveCfg = Debug|Any CPU
		{88C4B8C5-78C1-456E-862A-7C68113EC7B5}.Debug|Any CPU.Build.0 = Debug|Any CPU
		{88C4B8C5-78C1-456E-862A-7C68113EC7B5}.Release|Any CPU.ActiveCfg = Release|Any CPU
		{88C4B8C5-78C1-456E-862A-7C68113EC7B5}.Release|Any CPU.Build.0 = Release|Any CPU
	EndGlobalSection
	GlobalSection(SolutionProperties) = preSolution
		HideSolutionNode = FALSE
	EndGlobalSection
EndGlobal
